
Microsoft Visual Studio Solution File, Format Version 12.00
Project("{FAE04EC0-301F-11D3-BF4B-00C04F79EFBC}") = "Elementary", "Elementary\Elementary.csproj", "{8484C98C-9B5E-45BD-9905-3C4BB14FA766}"
EndProject
Global
	GlobalSection(SolutionConfigurationPlatforms) = preSolution
		Debug|Any CPU = Debug|Any CPU
		Release|Any CPU = Release|Any CPU
	EndGlobalSection
	GlobalSection(ProjectConfigurationPlatforms) = postSolution
		{8484C98C-9B5E-45BD-9905-3C4BB14FA766}.Release|Any CPU.ActiveCfg = Release|Any CPU
		{8484C98C-9B5E-45BD-9905-3C4BB14FA766}.Release|Any CPU.Build.0 = Release|Any CPU
		{8484C98C-9B5E-45BD-9905-3C4BB14FA766}.Debug|Any CPU.ActiveCfg = Release|Any CPU
		{8484C98C-9B5E-45BD-9905-3C4BB14FA766}.Debug|Any CPU.Build.0 = Release|Any CPU
		{8484C98C-9B5E-45BD-9905-3C4BB14FA766}.Release|Any CPU.Deploy.0 = Release|Any CPU
	EndGlobalSection
EndGlobal
